# Phase 16 runtime-only dependency closure.
# Versions match the verified Python 3.12.10 environment. xgboost-cpu is the
# official minimal XGBoost distribution and avoids Linux GPU/NCCL packages.
annotated-doc==0.0.4
annotated-types==0.8.0
anyio==4.14.2
click==8.4.2
fastapi==0.139.2
h11==0.16.0
httptools==0.8.0
idna==3.18
numpy==2.5.1
pydantic==2.13.4
pydantic-core==2.46.4
pydantic-settings==2.14.2
python-dotenv==1.2.2
PyYAML==6.0.3
scipy==1.18.0
starlette==1.3.1
typing-extensions==4.16.0
typing-inspection==0.4.2
uvicorn==0.51.0
uvloop==0.22.1
watchfiles==1.2.0
websockets==16.1
xgboost-cpu==3.3.0
